
Microsoft Visual Studio Solution File, Format Version 12.00
# Visual Studio 14
VisualStudioVersion = 14.0.23107.0
MinimumVisualStudioVersion = 10.0.40219.1
Project("{FAE04EC0-301F-11D3-BF4B-00C04F79EFBC}") = "HtmlMonopolyOne", "HtmlMonopolyOne\HtmlMonopolyOne.csproj", "{E08F1FAE-50E3-46B6-9ED1-5992585B1405}"
EndProject
Project("{FAE04EC0-301F-11D3-BF4B-00C04F79EFBC}") = "MonopolyEngineTests", "MonopolyEngineTests\MonopolyEngineTests.csproj", "{C50CDF20-5819-4453-9633-F9BD09CFA948}"
EndProject
Project("{FAE04EC0-301F-11D3-BF4B-00C04F79EFBC}") = "MonopolyEngine", "MonopolyEngine\MonopolyEngine.csproj", "{EC1C6CD5-1834-4F89-AFFE-A55EC80120D3}"
EndProject
Global
	GlobalSection(SolutionConfigurationPlatforms) = preSolution
		Debug|Any CPU = Debug|Any CPU
		Release|Any CPU = Release|Any CPU
	EndGlobalSection
	GlobalSection(ProjectConfigurationPlatforms) = postSolution
		{E08F1FAE-50E3-46B6-9ED1-5992585B1405}.Debug|Any CPU.ActiveCfg = Debug|Any CPU
		{E08F1FAE-50E3-46B6-9ED1-5992585B1405}.Debug|Any CPU.Build.0 = Debug|Any CPU
		{E08F1FAE-50E3-46B6-9ED1-5992585B1405}.Release|Any CPU.ActiveCfg = Release|Any CPU
		{E08F1FAE-50E3-46B6-9ED1-5992585B1405}.Release|Any CPU.Build.0 = Release|Any CPU
		{C50CDF20-5819-4453-9633-F9BD09CFA948}.Debug|Any CPU.ActiveCfg = Debug|Any CPU
		{C50CDF20-5819-4453-9633-F9BD09CFA948}.Debug|Any CPU.Build.0 = Debug|Any CPU
		{C50CDF20-5819-4453-9633-F9BD09CFA948}.Release|Any CPU.ActiveCfg = Release|Any CPU
		{C50CDF20-5819-4453-9633-F9BD09CFA948}.Release|Any CPU.Build.0 = Release|Any CPU
		{EC1C6CD5-1834-4F89-AFFE-A55EC80120D3}.Debug|Any CPU.ActiveCfg = Debug|Any CPU
		{EC1C6CD5-1834-4F89-AFFE-A55EC80120D3}.Debug|Any CPU.Build.0 = Debug|Any CPU
		{EC1C6CD5-1834-4F89-AFFE-A55EC80120D3}.Release|Any CPU.ActiveCfg = Release|Any CPU
		{EC1C6CD5-1834-4F89-AFFE-A55EC80120D3}.Release|Any CPU.Build.0 = Release|Any CPU
	EndGlobalSection
	GlobalSection(SolutionProperties) = preSolution
		HideSolutionNode = FALSE
	EndGlobalSection
EndGlobal
